
Microsoft Visual Studio Solution File, Format Version 12.00
# Visual Studio Version 17
VisualStudioVersion = 17.6.33829.357
MinimumVisualStudioVersion = 10.0.40219.1
Project("{FAE04EC0-301F-11D3-BF4B-00C04F79EFBC}") = "VCQLQuestZones", "VCQLQuestZones\VCQLQuestZones.csproj", "{4781550A-A54B-468B-A2F5-BDBC9A63EB57}"
EndProject
Global
	GlobalSection(SolutionConfigurationPlatforms) = preSolution
		Debug|Any CPU = Debug|Any CPU
		Release|Any CPU = Release|Any CPU
	EndGlobalSection
	GlobalSection(ProjectConfigurationPlatforms) = postSolution
		{4781550A-A54B-468B-A2F5-BDBC9A63EB57}.Debug|Any CPU.ActiveCfg = Debug|Any CPU
		{4781550A-A54B-468B-A2F5-BDBC9A63EB57}.Debug|Any CPU.Build.0 = Debug|Any CPU
		{4781550A-A54B-468B-A2F5-BDBC9A63EB57}.Release|Any CPU.ActiveCfg = Release|Any CPU
		{4781550A-A54B-468B-A2F5-BDBC9A63EB57}.Release|Any CPU.Build.0 = Release|Any CPU
	EndGlobalSection
	GlobalSection(SolutionProperties) = preSolution
		HideSolutionNode = FALSE
	EndGlobalSection
	GlobalSection(ExtensibilityGlobals) = postSolution
		SolutionGuid = {42A4174A-9E4F-49BF-8252-8F1722853B96}
	EndGlobalSection
EndGlobal
