
Microsoft Visual Studio Solution File, Format Version 12.00
# Visual Studio Version 16
VisualStudioVersion = 16.0.31624.102
MinimumVisualStudioVersion = 10.0.40219.1
Project("{FAE04EC0-301F-11D3-BF4B-00C04F79EFBC}") = "SamSWAT.TimeWeatherChanger", "SamSWAT.TimeWeatherChanger.csproj", "{70E8207D-4F1B-4E86-A452-DC86C86C377C}"
EndProject
Global
	GlobalSection(SolutionConfigurationPlatforms) = preSolution
		Debug|Any CPU = Debug|Any CPU
		Release|Any CPU = Release|Any CPU
	EndGlobalSection
	GlobalSection(ProjectConfigurationPlatforms) = postSolution
		{70E8207D-4F1B-4E86-A452-DC86C86C377C}.Debug|Any CPU.ActiveCfg = Debug|Any CPU
		{70E8207D-4F1B-4E86-A452-DC86C86C377C}.Debug|Any CPU.Build.0 = Debug|Any CPU
		{70E8207D-4F1B-4E86-A452-DC86C86C377C}.Release|Any CPU.ActiveCfg = Release|Any CPU
		{70E8207D-4F1B-4E86-A452-DC86C86C377C}.Release|Any CPU.Build.0 = Release|Any CPU
	EndGlobalSection
	GlobalSection(SolutionProperties) = preSolution
		HideSolutionNode = FALSE
	EndGlobalSection
	GlobalSection(ExtensibilityGlobals) = postSolution
		SolutionGuid = {8C1D0B00-ADE4-49B9-835A-90AD4AC60B9A}
	EndGlobalSection
EndGlobal
