
Microsoft Visual Studio Solution File, Format Version 12.00
# Visual Studio Version 17
VisualStudioVersion = 17.7.34024.191
MinimumVisualStudioVersion = 10.0.40219.1
Project("{2150E333-8FDC-42A3-9474-1A3956D46DE8}") = "Solution Items", "Solution Items", "{58A8257C-0264-4C1E-838F-AA744361E1B4}"
	ProjectSection(SolutionItems) = preProject
		Readme.md = Readme.md
	EndProjectSection
EndProject
Project("{FAE04EC0-301F-11D3-BF4B-00C04F79EFBC}") = "MoreCheckmarks", "MoreCheckmarks-SIT\MoreCheckmarks.csproj", "{1C987E9F-C3DF-456E-A956-CE3A11E960A7}"
EndProject
Project("{9A19103F-16F7-4668-BE54-9A1E7A4F7556}") = "RecoilStandalone", "SPT-Realism-Recoil-Overhaul-Standalone-SIT\RecoilStandalone.csproj", "{3FC2D7EF-0B60-4DCA-9A56-EBE956DDA4B7}"
EndProject
Project("{FAE04EC0-301F-11D3-BF4B-00C04F79EFBC}") = "SAIN", "SAIN-SIT\SAIN.csproj", "{08D5B0F0-2F19-46FB-9C26-D78C0722ECA5}"
EndProject
Project("{FAE04EC0-301F-11D3-BF4B-00C04F79EFBC}") = "AmandsHitmarker", "AmandsHitmarker-SIT\AmandsHitmarker.csproj", "{5317FE51-6E18-472F-9E2A-32725D50EDD8}"
EndProject
Project("{FAE04EC0-301F-11D3-BF4B-00C04F79EFBC}") = "AmandsGraphics", "AmandsGraphics-SIT\AmandsGraphics.csproj", "{E1F4631C-7767-4EB8-B34F-EBB8F4E85709}"
EndProject
Project("{FAE04EC0-301F-11D3-BF4B-00C04F79EFBC}") = "FUInertia", "FU-Inertia-SIT\FUInertia.csproj", "{8FDFC616-1704-4056-A87E-2783692CC153}"
EndProject
Global
	GlobalSection(SolutionConfigurationPlatforms) = preSolution
		3.5.5|Any CPU = 3.5.5|Any CPU
		3.5.5|x64 = 3.5.5|x64
		3.5.5|x86 = 3.5.5|x86
		3.5.7|Any CPU = 3.5.7|Any CPU
		3.5.7|x64 = 3.5.7|x64
		3.5.7|x86 = 3.5.7|x86
		3.5.8|Any CPU = 3.5.8|Any CPU
		3.5.8|x64 = 3.5.8|x64
		3.5.8|x86 = 3.5.8|x86
		3.6.0|Any CPU = 3.6.0|Any CPU
		3.6.0|x64 = 3.6.0|x64
		3.6.0|x86 = 3.6.0|x86
		3.7.0|Any CPU = 3.7.0|Any CPU
		3.7.0|x64 = 3.7.0|x64
		3.7.0|x86 = 3.7.0|x86
		3.7.1|Any CPU = 3.7.1|Any CPU
		3.7.1|x64 = 3.7.1|x64
		3.7.1|x86 = 3.7.1|x86
		Debug|Any CPU = Debug|Any CPU
		Debug|x64 = Debug|x64
		Debug|x86 = Debug|x86
		Release|Any CPU = Release|Any CPU
		Release|x64 = Release|x64
		Release|x86 = Release|x86
	EndGlobalSection
	GlobalSection(ProjectConfigurationPlatforms) = postSolution
		{1C987E9F-C3DF-456E-A956-CE3A11E960A7}.3.5.5|Any CPU.ActiveCfg = Release|Any CPU
		{1C987E9F-C3DF-456E-A956-CE3A11E960A7}.3.5.5|Any CPU.Build.0 = Release|Any CPU
		{1C987E9F-C3DF-456E-A956-CE3A11E960A7}.3.5.5|x64.ActiveCfg = Debug|Any CPU
		{1C987E9F-C3DF-456E-A956-CE3A11E960A7}.3.5.5|x64.Build.0 = Debug|Any CPU
		{1C987E9F-C3DF-456E-A956-CE3A11E960A7}.3.5.5|x86.ActiveCfg = Release|Any CPU
		{1C987E9F-C3DF-456E-A956-CE3A11E960A7}.3.5.5|x86.Build.0 = Release|Any CPU
		{1C987E9F-C3DF-456E-A956-CE3A11E960A7}.3.5.7|Any CPU.ActiveCfg = Release|Any CPU
		{1C987E9F-C3DF-456E-A956-CE3A11E960A7}.3.5.7|Any CPU.Build.0 = Release|Any CPU
		{1C987E9F-C3DF-456E-A956-CE3A11E960A7}.3.5.7|x64.ActiveCfg = Debug|Any CPU
		{1C987E9F-C3DF-456E-A956-CE3A11E960A7}.3.5.7|x64.Build.0 = Debug|Any CPU
		{1C987E9F-C3DF-456E-A956-CE3A11E960A7}.3.5.7|x86.ActiveCfg = Release|Any CPU
		{1C987E9F-C3DF-456E-A956-CE3A11E960A7}.3.5.7|x86.Build.0 = Release|Any CPU
		{1C987E9F-C3DF-456E-A956-CE3A11E960A7}.3.5.8|Any CPU.ActiveCfg = Release|Any CPU
		{1C987E9F-C3DF-456E-A956-CE3A11E960A7}.3.5.8|Any CPU.Build.0 = Release|Any CPU
		{1C987E9F-C3DF-456E-A956-CE3A11E960A7}.3.5.8|x64.ActiveCfg = Debug|Any CPU
		{1C987E9F-C3DF-456E-A956-CE3A11E960A7}.3.5.8|x64.Build.0 = Debug|Any CPU
		{1C987E9F-C3DF-456E-A956-CE3A11E960A7}.3.5.8|x86.ActiveCfg = Release|Any CPU
		{1C987E9F-C3DF-456E-A956-CE3A11E960A7}.3.5.8|x86.Build.0 = Release|Any CPU
		{1C987E9F-C3DF-456E-A956-CE3A11E960A7}.3.6.0|Any CPU.ActiveCfg = Release|Any CPU
		{1C987E9F-C3DF-456E-A956-CE3A11E960A7}.3.6.0|Any CPU.Build.0 = Release|Any CPU
		{1C987E9F-C3DF-456E-A956-CE3A11E960A7}.3.6.0|x64.ActiveCfg = Debug|Any CPU
		{1C987E9F-C3DF-456E-A956-CE3A11E960A7}.3.6.0|x64.Build.0 = Debug|Any CPU
		{1C987E9F-C3DF-456E-A956-CE3A11E960A7}.3.6.0|x86.ActiveCfg = Release|Any CPU
		{1C987E9F-C3DF-456E-A956-CE3A11E960A7}.3.6.0|x86.Build.0 = Release|Any CPU
		{1C987E9F-C3DF-456E-A956-CE3A11E960A7}.3.7.0|Any CPU.ActiveCfg = Release|Any CPU
		{1C987E9F-C3DF-456E-A956-CE3A11E960A7}.3.7.0|Any CPU.Build.0 = Release|Any CPU
		{1C987E9F-C3DF-456E-A956-CE3A11E960A7}.3.7.0|x64.ActiveCfg = Debug|Any CPU
		{1C987E9F-C3DF-456E-A956-CE3A11E960A7}.3.7.0|x64.Build.0 = Debug|Any CPU
		{1C987E9F-C3DF-456E-A956-CE3A11E960A7}.3.7.0|x86.ActiveCfg = Release|Any CPU
		{1C987E9F-C3DF-456E-A956-CE3A11E960A7}.3.7.0|x86.Build.0 = Release|Any CPU
		{1C987E9F-C3DF-456E-A956-CE3A11E960A7}.3.7.1|Any CPU.ActiveCfg = Release|Any CPU
		{1C987E9F-C3DF-456E-A956-CE3A11E960A7}.3.7.1|Any CPU.Build.0 = Release|Any CPU
		{1C987E9F-C3DF-456E-A956-CE3A11E960A7}.3.7.1|x64.ActiveCfg = Debug|Any CPU
		{1C987E9F-C3DF-456E-A956-CE3A11E960A7}.3.7.1|x64.Build.0 = Debug|Any CPU
		{1C987E9F-C3DF-456E-A956-CE3A11E960A7}.3.7.1|x86.ActiveCfg = Release|Any CPU
		{1C987E9F-C3DF-456E-A956-CE3A11E960A7}.3.7.1|x86.Build.0 = Release|Any CPU
		{1C987E9F-C3DF-456E-A956-CE3A11E960A7}.Debug|Any CPU.ActiveCfg = Debug|Any CPU
		{1C987E9F-C3DF-456E-A956-CE3A11E960A7}.Debug|Any CPU.Build.0 = Debug|Any CPU
		{1C987E9F-C3DF-456E-A956-CE3A11E960A7}.Debug|x64.ActiveCfg = Debug|Any CPU
		{1C987E9F-C3DF-456E-A956-CE3A11E960A7}.Debug|x64.Build.0 = Debug|Any CPU
		{1C987E9F-C3DF-456E-A956-CE3A11E960A7}.Debug|x86.ActiveCfg = Debug|Any CPU
		{1C987E9F-C3DF-456E-A956-CE3A11E960A7}.Debug|x86.Build.0 = Debug|Any CPU
		{1C987E9F-C3DF-456E-A956-CE3A11E960A7}.Release|Any CPU.ActiveCfg = Release|Any CPU
		{1C987E9F-C3DF-456E-A956-CE3A11E960A7}.Release|Any CPU.Build.0 = Release|Any CPU
		{1C987E9F-C3DF-456E-A956-CE3A11E960A7}.Release|x64.ActiveCfg = Release|Any CPU
		{1C987E9F-C3DF-456E-A956-CE3A11E960A7}.Release|x64.Build.0 = Release|Any CPU
		{1C987E9F-C3DF-456E-A956-CE3A11E960A7}.Release|x86.ActiveCfg = Release|Any CPU
		{1C987E9F-C3DF-456E-A956-CE3A11E960A7}.Release|x86.Build.0 = Release|Any CPU
		{3FC2D7EF-0B60-4DCA-9A56-EBE956DDA4B7}.3.5.5|Any CPU.ActiveCfg = Release|Any CPU
		{3FC2D7EF-0B60-4DCA-9A56-EBE956DDA4B7}.3.5.5|Any CPU.Build.0 = Release|Any CPU
		{3FC2D7EF-0B60-4DCA-9A56-EBE956DDA4B7}.3.5.5|x64.ActiveCfg = Debug|Any CPU
		{3FC2D7EF-0B60-4DCA-9A56-EBE956DDA4B7}.3.5.5|x64.Build.0 = Debug|Any CPU
		{3FC2D7EF-0B60-4DCA-9A56-EBE956DDA4B7}.3.5.5|x86.ActiveCfg = Release|Any CPU
		{3FC2D7EF-0B60-4DCA-9A56-EBE956DDA4B7}.3.5.5|x86.Build.0 = Release|Any CPU
		{3FC2D7EF-0B60-4DCA-9A56-EBE956DDA4B7}.3.5.7|Any CPU.ActiveCfg = Release|Any CPU
		{3FC2D7EF-0B60-4DCA-9A56-EBE956DDA4B7}.3.5.7|Any CPU.Build.0 = Release|Any CPU
		{3FC2D7EF-0B60-4DCA-9A56-EBE956DDA4B7}.3.5.7|x64.ActiveCfg = Debug|Any CPU
		{3FC2D7EF-0B60-4DCA-9A56-EBE956DDA4B7}.3.5.7|x64.Build.0 = Debug|Any CPU
		{3FC2D7EF-0B60-4DCA-9A56-EBE956DDA4B7}.3.5.7|x86.ActiveCfg = Release|Any CPU
		{3FC2D7EF-0B60-4DCA-9A56-EBE956DDA4B7}.3.5.7|x86.Build.0 = Release|Any CPU
		{3FC2D7EF-0B60-4DCA-9A56-EBE956DDA4B7}.3.5.8|Any CPU.ActiveCfg = Release|Any CPU
		{3FC2D7EF-0B60-4DCA-9A56-EBE956DDA4B7}.3.5.8|Any CPU.Build.0 = Release|Any CPU
		{3FC2D7EF-0B60-4DCA-9A56-EBE956DDA4B7}.3.5.8|x64.ActiveCfg = Debug|Any CPU
		{3FC2D7EF-0B60-4DCA-9A56-EBE956DDA4B7}.3.5.8|x64.Build.0 = Debug|Any CPU
		{3FC2D7EF-0B60-4DCA-9A56-EBE956DDA4B7}.3.5.8|x86.ActiveCfg = Release|Any CPU
		{3FC2D7EF-0B60-4DCA-9A56-EBE956DDA4B7}.3.5.8|x86.Build.0 = Release|Any CPU
		{3FC2D7EF-0B60-4DCA-9A56-EBE956DDA4B7}.3.6.0|Any CPU.ActiveCfg = Release|Any CPU
		{3FC2D7EF-0B60-4DCA-9A56-EBE956DDA4B7}.3.6.0|Any CPU.Build.0 = Release|Any CPU
		{3FC2D7EF-0B60-4DCA-9A56-EBE956DDA4B7}.3.6.0|x64.ActiveCfg = Debug|Any CPU
		{3FC2D7EF-0B60-4DCA-9A56-EBE956DDA4B7}.3.6.0|x64.Build.0 = Debug|Any CPU
		{3FC2D7EF-0B60-4DCA-9A56-EBE956DDA4B7}.3.6.0|x86.ActiveCfg = Release|Any CPU
		{3FC2D7EF-0B60-4DCA-9A56-EBE956DDA4B7}.3.6.0|x86.Build.0 = Release|Any CPU
		{3FC2D7EF-0B60-4DCA-9A56-EBE956DDA4B7}.3.7.0|Any CPU.ActiveCfg = Release|Any CPU
		{3FC2D7EF-0B60-4DCA-9A56-EBE956DDA4B7}.3.7.0|Any CPU.Build.0 = Release|Any CPU
		{3FC2D7EF-0B60-4DCA-9A56-EBE956DDA4B7}.3.7.0|x64.ActiveCfg = Debug|Any CPU
		{3FC2D7EF-0B60-4DCA-9A56-EBE956DDA4B7}.3.7.0|x64.Build.0 = Debug|Any CPU
		{3FC2D7EF-0B60-4DCA-9A56-EBE956DDA4B7}.3.7.0|x86.ActiveCfg = Release|Any CPU
		{3FC2D7EF-0B60-4DCA-9A56-EBE956DDA4B7}.3.7.0|x86.Build.0 = Release|Any CPU
		{3FC2D7EF-0B60-4DCA-9A56-EBE956DDA4B7}.3.7.1|Any CPU.ActiveCfg = Release|Any CPU
		{3FC2D7EF-0B60-4DCA-9A56-EBE956DDA4B7}.3.7.1|Any CPU.Build.0 = Release|Any CPU
		{3FC2D7EF-0B60-4DCA-9A56-EBE956DDA4B7}.3.7.1|x64.ActiveCfg = Debug|Any CPU
		{3FC2D7EF-0B60-4DCA-9A56-EBE956DDA4B7}.3.7.1|x64.Build.0 = Debug|Any CPU
		{3FC2D7EF-0B60-4DCA-9A56-EBE956DDA4B7}.3.7.1|x86.ActiveCfg = Release|Any CPU
		{3FC2D7EF-0B60-4DCA-9A56-EBE956DDA4B7}.3.7.1|x86.Build.0 = Release|Any CPU
		{3FC2D7EF-0B60-4DCA-9A56-EBE956DDA4B7}.Debug|Any CPU.ActiveCfg = Debug|Any CPU
		{3FC2D7EF-0B60-4DCA-9A56-EBE956DDA4B7}.Debug|Any CPU.Build.0 = Debug|Any CPU
		{3FC2D7EF-0B60-4DCA-9A56-EBE956DDA4B7}.Debug|x64.ActiveCfg = Debug|Any CPU
		{3FC2D7EF-0B60-4DCA-9A56-EBE956DDA4B7}.Debug|x64.Build.0 = Debug|Any CPU
		{3FC2D7EF-0B60-4DCA-9A56-EBE956DDA4B7}.Debug|x86.ActiveCfg = Debug|Any CPU
		{3FC2D7EF-0B60-4DCA-9A56-EBE956DDA4B7}.Debug|x86.Build.0 = Debug|Any CPU
		{3FC2D7EF-0B60-4DCA-9A56-EBE956DDA4B7}.Release|Any CPU.ActiveCfg = Release|Any CPU
		{3FC2D7EF-0B60-4DCA-9A56-EBE956DDA4B7}.Release|Any CPU.Build.0 = Release|Any CPU
		{3FC2D7EF-0B60-4DCA-9A56-EBE956DDA4B7}.Release|x64.ActiveCfg = Release|Any CPU
		{3FC2D7EF-0B60-4DCA-9A56-EBE956DDA4B7}.Release|x64.Build.0 = Release|Any CPU
		{3FC2D7EF-0B60-4DCA-9A56-EBE956DDA4B7}.Release|x86.ActiveCfg = Release|Any CPU
		{3FC2D7EF-0B60-4DCA-9A56-EBE956DDA4B7}.Release|x86.Build.0 = Release|Any CPU
		{08D5B0F0-2F19-46FB-9C26-D78C0722ECA5}.3.5.5|Any CPU.ActiveCfg = 3.5.5|x86
		{08D5B0F0-2F19-46FB-9C26-D78C0722ECA5}.3.5.5|Any CPU.Build.0 = 3.5.5|x86
		{08D5B0F0-2F19-46FB-9C26-D78C0722ECA5}.3.5.5|x64.ActiveCfg = 3.5.5|x86
		{08D5B0F0-2F19-46FB-9C26-D78C0722ECA5}.3.5.5|x64.Build.0 = 3.5.5|x86
		{08D5B0F0-2F19-46FB-9C26-D78C0722ECA5}.3.5.5|x86.ActiveCfg = 3.5.5|x86
		{08D5B0F0-2F19-46FB-9C26-D78C0722ECA5}.3.5.5|x86.Build.0 = 3.5.5|x86
		{08D5B0F0-2F19-46FB-9C26-D78C0722ECA5}.3.5.7|Any CPU.ActiveCfg = 3.5.7|x86
		{08D5B0F0-2F19-46FB-9C26-D78C0722ECA5}.3.5.7|Any CPU.Build.0 = 3.5.7|x86
		{08D5B0F0-2F19-46FB-9C26-D78C0722ECA5}.3.5.7|x64.ActiveCfg = 3.5.7|x86
		{08D5B0F0-2F19-46FB-9C26-D78C0722ECA5}.3.5.7|x64.Build.0 = 3.5.7|x86
		{08D5B0F0-2F19-46FB-9C26-D78C0722ECA5}.3.5.7|x86.ActiveCfg = 3.5.7|x86
		{08D5B0F0-2F19-46FB-9C26-D78C0722ECA5}.3.5.7|x86.Build.0 = 3.5.7|x86
		{08D5B0F0-2F19-46FB-9C26-D78C0722ECA5}.3.5.8|Any CPU.ActiveCfg = 3.5.8|x86
		{08D5B0F0-2F19-46FB-9C26-D78C0722ECA5}.3.5.8|Any CPU.Build.0 = 3.5.8|x86
		{08D5B0F0-2F19-46FB-9C26-D78C0722ECA5}.3.5.8|x64.ActiveCfg = 3.5.8|x86
		{08D5B0F0-2F19-46FB-9C26-D78C0722ECA5}.3.5.8|x64.Build.0 = 3.5.8|x86
		{08D5B0F0-2F19-46FB-9C26-D78C0722ECA5}.3.5.8|x86.ActiveCfg = 3.5.8|x86
		{08D5B0F0-2F19-46FB-9C26-D78C0722ECA5}.3.5.8|x86.Build.0 = 3.5.8|x86
		{08D5B0F0-2F19-46FB-9C26-D78C0722ECA5}.3.6.0|Any CPU.ActiveCfg = 3.6.0|x86
		{08D5B0F0-2F19-46FB-9C26-D78C0722ECA5}.3.6.0|Any CPU.Build.0 = 3.6.0|x86
		{08D5B0F0-2F19-46FB-9C26-D78C0722ECA5}.3.6.0|x64.ActiveCfg = 3.6.0|x86
		{08D5B0F0-2F19-46FB-9C26-D78C0722ECA5}.3.6.0|x64.Build.0 = 3.6.0|x86
		{08D5B0F0-2F19-46FB-9C26-D78C0722ECA5}.3.6.0|x86.ActiveCfg = 3.6.0|x86
		{08D5B0F0-2F19-46FB-9C26-D78C0722ECA5}.3.6.0|x86.Build.0 = 3.6.0|x86
		{08D5B0F0-2F19-46FB-9C26-D78C0722ECA5}.3.7.0|Any CPU.ActiveCfg = 3.7.0|x86
		{08D5B0F0-2F19-46FB-9C26-D78C0722ECA5}.3.7.0|Any CPU.Build.0 = 3.7.0|x86
		{08D5B0F0-2F19-46FB-9C26-D78C0722ECA5}.3.7.0|x64.ActiveCfg = 3.7.0|x86
		{08D5B0F0-2F19-46FB-9C26-D78C0722ECA5}.3.7.0|x64.Build.0 = 3.7.0|x86
		{08D5B0F0-2F19-46FB-9C26-D78C0722ECA5}.3.7.0|x86.ActiveCfg = 3.7.0|x86
		{08D5B0F0-2F19-46FB-9C26-D78C0722ECA5}.3.7.0|x86.Build.0 = 3.7.0|x86
		{08D5B0F0-2F19-46FB-9C26-D78C0722ECA5}.3.7.1|Any CPU.ActiveCfg = 3.7.1|x86
		{08D5B0F0-2F19-46FB-9C26-D78C0722ECA5}.3.7.1|Any CPU.Build.0 = 3.7.1|x86
		{08D5B0F0-2F19-46FB-9C26-D78C0722ECA5}.3.7.1|x64.ActiveCfg = 3.7.1|x86
		{08D5B0F0-2F19-46FB-9C26-D78C0722ECA5}.3.7.1|x64.Build.0 = 3.7.1|x86
		{08D5B0F0-2F19-46FB-9C26-D78C0722ECA5}.3.7.1|x86.ActiveCfg = 3.7.1|x86
		{08D5B0F0-2F19-46FB-9C26-D78C0722ECA5}.3.7.1|x86.Build.0 = 3.7.1|x86
		{08D5B0F0-2F19-46FB-9C26-D78C0722ECA5}.Debug|Any CPU.ActiveCfg = Debug|x86
		{08D5B0F0-2F19-46FB-9C26-D78C0722ECA5}.Debug|Any CPU.Build.0 = Debug|x86
		{08D5B0F0-2F19-46FB-9C26-D78C0722ECA5}.Debug|x64.ActiveCfg = Debug|x86
		{08D5B0F0-2F19-46FB-9C26-D78C0722ECA5}.Debug|x64.Build.0 = Debug|x86
		{08D5B0F0-2F19-46FB-9C26-D78C0722ECA5}.Debug|x86.ActiveCfg = Debug|x86
		{08D5B0F0-2F19-46FB-9C26-D78C0722ECA5}.Debug|x86.Build.0 = Debug|x86
		{08D5B0F0-2F19-46FB-9C26-D78C0722ECA5}.Release|Any CPU.ActiveCfg = Release|x86
		{08D5B0F0-2F19-46FB-9C26-D78C0722ECA5}.Release|Any CPU.Build.0 = Release|x86
		{08D5B0F0-2F19-46FB-9C26-D78C0722ECA5}.Release|x64.ActiveCfg = Release|x86
		{08D5B0F0-2F19-46FB-9C26-D78C0722ECA5}.Release|x64.Build.0 = Release|x86
		{08D5B0F0-2F19-46FB-9C26-D78C0722ECA5}.Release|x86.ActiveCfg = Release|x86
		{08D5B0F0-2F19-46FB-9C26-D78C0722ECA5}.Release|x86.Build.0 = Release|x86
		{5317FE51-6E18-472F-9E2A-32725D50EDD8}.3.5.5|Any CPU.ActiveCfg = Debug|Any CPU
		{5317FE51-6E18-472F-9E2A-32725D50EDD8}.3.5.5|Any CPU.Build.0 = Debug|Any CPU
		{5317FE51-6E18-472F-9E2A-32725D50EDD8}.3.5.5|x64.ActiveCfg = Release|Any CPU
		{5317FE51-6E18-472F-9E2A-32725D50EDD8}.3.5.5|x64.Build.0 = Release|Any CPU
		{5317FE51-6E18-472F-9E2A-32725D50EDD8}.3.5.5|x86.ActiveCfg = Debug|Any CPU
		{5317FE51-6E18-472F-9E2A-32725D50EDD8}.3.5.5|x86.Build.0 = Debug|Any CPU
		{5317FE51-6E18-472F-9E2A-32725D50EDD8}.3.5.7|Any CPU.ActiveCfg = Debug|Any CPU
		{5317FE51-6E18-472F-9E2A-32725D50EDD8}.3.5.7|Any CPU.Build.0 = Debug|Any CPU
		{5317FE51-6E18-472F-9E2A-32725D50EDD8}.3.5.7|x64.ActiveCfg = Release|Any CPU
		{5317FE51-6E18-472F-9E2A-32725D50EDD8}.3.5.7|x64.Build.0 = Release|Any CPU
		{5317FE51-6E18-472F-9E2A-32725D50EDD8}.3.5.7|x86.ActiveCfg = Debug|Any CPU
		{5317FE51-6E18-472F-9E2A-32725D50EDD8}.3.5.7|x86.Build.0 = Debug|Any CPU
		{5317FE51-6E18-472F-9E2A-32725D50EDD8}.3.5.8|Any CPU.ActiveCfg = Debug|Any CPU
		{5317FE51-6E18-472F-9E2A-32725D50EDD8}.3.5.8|Any CPU.Build.0 = Debug|Any CPU
		{5317FE51-6E18-472F-9E2A-32725D50EDD8}.3.5.8|x64.ActiveCfg = Release|Any CPU
		{5317FE51-6E18-472F-9E2A-32725D50EDD8}.3.5.8|x64.Build.0 = Release|Any CPU
		{5317FE51-6E18-472F-9E2A-32725D50EDD8}.3.5.8|x86.ActiveCfg = Debug|Any CPU
		{5317FE51-6E18-472F-9E2A-32725D50EDD8}.3.5.8|x86.Build.0 = Debug|Any CPU
		{5317FE51-6E18-472F-9E2A-32725D50EDD8}.3.6.0|Any CPU.ActiveCfg = Debug|Any CPU
		{5317FE51-6E18-472F-9E2A-32725D50EDD8}.3.6.0|Any CPU.Build.0 = Debug|Any CPU
		{5317FE51-6E18-472F-9E2A-32725D50EDD8}.3.6.0|x64.ActiveCfg = Release|Any CPU
		{5317FE51-6E18-472F-9E2A-32725D50EDD8}.3.6.0|x64.Build.0 = Release|Any CPU
		{5317FE51-6E18-472F-9E2A-32725D50EDD8}.3.6.0|x86.ActiveCfg = Debug|Any CPU
		{5317FE51-6E18-472F-9E2A-32725D50EDD8}.3.6.0|x86.Build.0 = Debug|Any CPU
		{5317FE51-6E18-472F-9E2A-32725D50EDD8}.3.7.0|Any CPU.ActiveCfg = Debug|Any CPU
		{5317FE51-6E18-472F-9E2A-32725D50EDD8}.3.7.0|Any CPU.Build.0 = Debug|Any CPU
		{5317FE51-6E18-472F-9E2A-32725D50EDD8}.3.7.0|x64.ActiveCfg = Release|Any CPU
		{5317FE51-6E18-472F-9E2A-32725D50EDD8}.3.7.0|x64.Build.0 = Release|Any CPU
		{5317FE51-6E18-472F-9E2A-32725D50EDD8}.3.7.0|x86.ActiveCfg = Debug|Any CPU
		{5317FE51-6E18-472F-9E2A-32725D50EDD8}.3.7.0|x86.Build.0 = Debug|Any CPU
		{5317FE51-6E18-472F-9E2A-32725D50EDD8}.3.7.1|Any CPU.ActiveCfg = Debug|Any CPU
		{5317FE51-6E18-472F-9E2A-32725D50EDD8}.3.7.1|Any CPU.Build.0 = Debug|Any CPU
		{5317FE51-6E18-472F-9E2A-32725D50EDD8}.3.7.1|x64.ActiveCfg = Release|Any CPU
		{5317FE51-6E18-472F-9E2A-32725D50EDD8}.3.7.1|x64.Build.0 = Release|Any CPU
		{5317FE51-6E18-472F-9E2A-32725D50EDD8}.3.7.1|x86.ActiveCfg = Debug|Any CPU
		{5317FE51-6E18-472F-9E2A-32725D50EDD8}.3.7.1|x86.Build.0 = Debug|Any CPU
		{5317FE51-6E18-472F-9E2A-32725D50EDD8}.Debug|Any CPU.ActiveCfg = Debug|Any CPU
		{5317FE51-6E18-472F-9E2A-32725D50EDD8}.Debug|Any CPU.Build.0 = Debug|Any CPU
		{5317FE51-6E18-472F-9E2A-32725D50EDD8}.Debug|x64.ActiveCfg = Debug|Any CPU
		{5317FE51-6E18-472F-9E2A-32725D50EDD8}.Debug|x64.Build.0 = Debug|Any CPU
		{5317FE51-6E18-472F-9E2A-32725D50EDD8}.Debug|x86.ActiveCfg = Debug|Any CPU
		{5317FE51-6E18-472F-9E2A-32725D50EDD8}.Debug|x86.Build.0 = Debug|Any CPU
		{5317FE51-6E18-472F-9E2A-32725D50EDD8}.Release|Any CPU.ActiveCfg = Release|Any CPU
		{5317FE51-6E18-472F-9E2A-32725D50EDD8}.Release|Any CPU.Build.0 = Release|Any CPU
		{5317FE51-6E18-472F-9E2A-32725D50EDD8}.Release|x64.ActiveCfg = Release|Any CPU
		{5317FE51-6E18-472F-9E2A-32725D50EDD8}.Release|x64.Build.0 = Release|Any CPU
		{5317FE51-6E18-472F-9E2A-32725D50EDD8}.Release|x86.ActiveCfg = Release|Any CPU
		{5317FE51-6E18-472F-9E2A-32725D50EDD8}.Release|x86.Build.0 = Release|Any CPU
		{E1F4631C-7767-4EB8-B34F-EBB8F4E85709}.3.5.5|Any CPU.ActiveCfg = Debug|Any CPU
		{E1F4631C-7767-4EB8-B34F-EBB8F4E85709}.3.5.5|Any CPU.Build.0 = Debug|Any CPU
		{E1F4631C-7767-4EB8-B34F-EBB8F4E85709}.3.5.5|x64.ActiveCfg = Release|Any CPU
		{E1F4631C-7767-4EB8-B34F-EBB8F4E85709}.3.5.5|x64.Build.0 = Release|Any CPU
		{E1F4631C-7767-4EB8-B34F-EBB8F4E85709}.3.5.5|x86.ActiveCfg = Debug|Any CPU
		{E1F4631C-7767-4EB8-B34F-EBB8F4E85709}.3.5.5|x86.Build.0 = Debug|Any CPU
		{E1F4631C-7767-4EB8-B34F-EBB8F4E85709}.3.5.7|Any CPU.ActiveCfg = Debug|Any CPU
		{E1F4631C-7767-4EB8-B34F-EBB8F4E85709}.3.5.7|Any CPU.Build.0 = Debug|Any CPU
		{E1F4631C-7767-4EB8-B34F-EBB8F4E85709}.3.5.7|x64.ActiveCfg = Release|Any CPU
		{E1F4631C-7767-4EB8-B34F-EBB8F4E85709}.3.5.7|x64.Build.0 = Release|Any CPU
		{E1F4631C-7767-4EB8-B34F-EBB8F4E85709}.3.5.7|x86.ActiveCfg = Debug|Any CPU
		{E1F4631C-7767-4EB8-B34F-EBB8F4E85709}.3.5.7|x86.Build.0 = Debug|Any CPU
		{E1F4631C-7767-4EB8-B34F-EBB8F4E85709}.3.5.8|Any CPU.ActiveCfg = Debug|Any CPU
		{E1F4631C-7767-4EB8-B34F-EBB8F4E85709}.3.5.8|Any CPU.Build.0 = Debug|Any CPU
		{E1F4631C-7767-4EB8-B34F-EBB8F4E85709}.3.5.8|x64.ActiveCfg = Release|Any CPU
		{E1F4631C-7767-4EB8-B34F-EBB8F4E85709}.3.5.8|x64.Build.0 = Release|Any CPU
		{E1F4631C-7767-4EB8-B34F-EBB8F4E85709}.3.5.8|x86.ActiveCfg = Debug|Any CPU
		{E1F4631C-7767-4EB8-B34F-EBB8F4E85709}.3.5.8|x86.Build.0 = Debug|Any CPU
		{E1F4631C-7767-4EB8-B34F-EBB8F4E85709}.3.6.0|Any CPU.ActiveCfg = Debug|Any CPU
		{E1F4631C-7767-4EB8-B34F-EBB8F4E85709}.3.6.0|Any CPU.Build.0 = Debug|Any CPU
		{E1F4631C-7767-4EB8-B34F-EBB8F4E85709}.3.6.0|x64.ActiveCfg = Release|Any CPU
		{E1F4631C-7767-4EB8-B34F-EBB8F4E85709}.3.6.0|x64.Build.0 = Release|Any CPU
		{E1F4631C-7767-4EB8-B34F-EBB8F4E85709}.3.6.0|x86.ActiveCfg = Debug|Any CPU
		{E1F4631C-7767-4EB8-B34F-EBB8F4E85709}.3.6.0|x86.Build.0 = Debug|Any CPU
		{E1F4631C-7767-4EB8-B34F-EBB8F4E85709}.3.7.0|Any CPU.ActiveCfg = Debug|Any CPU
		{E1F4631C-7767-4EB8-B34F-EBB8F4E85709}.3.7.0|Any CPU.Build.0 = Debug|Any CPU
		{E1F4631C-7767-4EB8-B34F-EBB8F4E85709}.3.7.0|x64.ActiveCfg = Release|Any CPU
		{E1F4631C-7767-4EB8-B34F-EBB8F4E85709}.3.7.0|x64.Build.0 = Release|Any CPU
		{E1F4631C-7767-4EB8-B34F-EBB8F4E85709}.3.7.0|x86.ActiveCfg = Debug|Any CPU
		{E1F4631C-7767-4EB8-B34F-EBB8F4E85709}.3.7.0|x86.Build.0 = Debug|Any CPU
		{E1F4631C-7767-4EB8-B34F-EBB8F4E85709}.3.7.1|Any CPU.ActiveCfg = Debug|Any CPU
		{E1F4631C-7767-4EB8-B34F-EBB8F4E85709}.3.7.1|Any CPU.Build.0 = Debug|Any CPU
		{E1F4631C-7767-4EB8-B34F-EBB8F4E85709}.3.7.1|x64.ActiveCfg = Release|Any CPU
		{E1F4631C-7767-4EB8-B34F-EBB8F4E85709}.3.7.1|x64.Build.0 = Release|Any CPU
		{E1F4631C-7767-4EB8-B34F-EBB8F4E85709}.3.7.1|x86.ActiveCfg = Debug|Any CPU
		{E1F4631C-7767-4EB8-B34F-EBB8F4E85709}.3.7.1|x86.Build.0 = Debug|Any CPU
		{E1F4631C-7767-4EB8-B34F-EBB8F4E85709}.Debug|Any CPU.ActiveCfg = Debug|Any CPU
		{E1F4631C-7767-4EB8-B34F-EBB8F4E85709}.Debug|Any CPU.Build.0 = Debug|Any CPU
		{E1F4631C-7767-4EB8-B34F-EBB8F4E85709}.Debug|x64.ActiveCfg = Debug|Any CPU
		{E1F4631C-7767-4EB8-B34F-EBB8F4E85709}.Debug|x64.Build.0 = Debug|Any CPU
		{E1F4631C-7767-4EB8-B34F-EBB8F4E85709}.Debug|x86.ActiveCfg = Debug|Any CPU
		{E1F4631C-7767-4EB8-B34F-EBB8F4E85709}.Debug|x86.Build.0 = Debug|Any CPU
		{E1F4631C-7767-4EB8-B34F-EBB8F4E85709}.Release|Any CPU.ActiveCfg = Release|Any CPU
		{E1F4631C-7767-4EB8-B34F-EBB8F4E85709}.Release|Any CPU.Build.0 = Release|Any CPU
		{E1F4631C-7767-4EB8-B34F-EBB8F4E85709}.Release|x64.ActiveCfg = Release|Any CPU
		{E1F4631C-7767-4EB8-B34F-EBB8F4E85709}.Release|x64.Build.0 = Release|Any CPU
		{E1F4631C-7767-4EB8-B34F-EBB8F4E85709}.Release|x86.ActiveCfg = Release|Any CPU
		{E1F4631C-7767-4EB8-B34F-EBB8F4E85709}.Release|x86.Build.0 = Release|Any CPU
		{8FDFC616-1704-4056-A87E-2783692CC153}.3.5.5|Any CPU.ActiveCfg = Debug|Any CPU
		{8FDFC616-1704-4056-A87E-2783692CC153}.3.5.5|Any CPU.Build.0 = Debug|Any CPU
		{8FDFC616-1704-4056-A87E-2783692CC153}.3.5.5|x64.ActiveCfg = Debug|x64
		{8FDFC616-1704-4056-A87E-2783692CC153}.3.5.5|x64.Build.0 = Debug|x64
		{8FDFC616-1704-4056-A87E-2783692CC153}.3.5.5|x86.ActiveCfg = Debug|Any CPU
		{8FDFC616-1704-4056-A87E-2783692CC153}.3.5.5|x86.Build.0 = Debug|Any CPU
		{8FDFC616-1704-4056-A87E-2783692CC153}.3.5.7|Any CPU.ActiveCfg = Debug|Any CPU
		{8FDFC616-1704-4056-A87E-2783692CC153}.3.5.7|Any CPU.Build.0 = Debug|Any CPU
		{8FDFC616-1704-4056-A87E-2783692CC153}.3.5.7|x64.ActiveCfg = Debug|x64
		{8FDFC616-1704-4056-A87E-2783692CC153}.3.5.7|x64.Build.0 = Debug|x64
		{8FDFC616-1704-4056-A87E-2783692CC153}.3.5.7|x86.ActiveCfg = Debug|Any CPU
		{8FDFC616-1704-4056-A87E-2783692CC153}.3.5.7|x86.Build.0 = Debug|Any CPU
		{8FDFC616-1704-4056-A87E-2783692CC153}.3.5.8|Any CPU.ActiveCfg = Debug|Any CPU
		{8FDFC616-1704-4056-A87E-2783692CC153}.3.5.8|Any CPU.Build.0 = Debug|Any CPU
		{8FDFC616-1704-4056-A87E-2783692CC153}.3.5.8|x64.ActiveCfg = Debug|x64
		{8FDFC616-1704-4056-A87E-2783692CC153}.3.5.8|x64.Build.0 = Debug|x64
		{8FDFC616-1704-4056-A87E-2783692CC153}.3.5.8|x86.ActiveCfg = Debug|Any CPU
		{8FDFC616-1704-4056-A87E-2783692CC153}.3.5.8|x86.Build.0 = Debug|Any CPU
		{8FDFC616-1704-4056-A87E-2783692CC153}.3.6.0|Any CPU.ActiveCfg = Debug|Any CPU
		{8FDFC616-1704-4056-A87E-2783692CC153}.3.6.0|Any CPU.Build.0 = Debug|Any CPU
		{8FDFC616-1704-4056-A87E-2783692CC153}.3.6.0|x64.ActiveCfg = Debug|x64
		{8FDFC616-1704-4056-A87E-2783692CC153}.3.6.0|x64.Build.0 = Debug|x64
		{8FDFC616-1704-4056-A87E-2783692CC153}.3.6.0|x86.ActiveCfg = Debug|Any CPU
		{8FDFC616-1704-4056-A87E-2783692CC153}.3.6.0|x86.Build.0 = Debug|Any CPU
		{8FDFC616-1704-4056-A87E-2783692CC153}.3.7.0|Any CPU.ActiveCfg = Debug|Any CPU
		{8FDFC616-1704-4056-A87E-2783692CC153}.3.7.0|Any CPU.Build.0 = Debug|Any CPU
		{8FDFC616-1704-4056-A87E-2783692CC153}.3.7.0|x64.ActiveCfg = Debug|x64
		{8FDFC616-1704-4056-A87E-2783692CC153}.3.7.0|x64.Build.0 = Debug|x64
		{8FDFC616-1704-4056-A87E-2783692CC153}.3.7.0|x86.ActiveCfg = Debug|Any CPU
		{8FDFC616-1704-4056-A87E-2783692CC153}.3.7.0|x86.Build.0 = Debug|Any CPU
		{8FDFC616-1704-4056-A87E-2783692CC153}.3.7.1|Any CPU.ActiveCfg = Debug|Any CPU
		{8FDFC616-1704-4056-A87E-2783692CC153}.3.7.1|Any CPU.Build.0 = Debug|Any CPU
		{8FDFC616-1704-4056-A87E-2783692CC153}.3.7.1|x64.ActiveCfg = Debug|x64
		{8FDFC616-1704-4056-A87E-2783692CC153}.3.7.1|x64.Build.0 = Debug|x64
		{8FDFC616-1704-4056-A87E-2783692CC153}.3.7.1|x86.ActiveCfg = Debug|Any CPU
		{8FDFC616-1704-4056-A87E-2783692CC153}.3.7.1|x86.Build.0 = Debug|Any CPU
		{8FDFC616-1704-4056-A87E-2783692CC153}.Debug|Any CPU.ActiveCfg = Debug|Any CPU
		{8FDFC616-1704-4056-A87E-2783692CC153}.Debug|Any CPU.Build.0 = Debug|Any CPU
		{8FDFC616-1704-4056-A87E-2783692CC153}.Debug|x64.ActiveCfg = Debug|x64
		{8FDFC616-1704-4056-A87E-2783692CC153}.Debug|x64.Build.0 = Debug|x64
		{8FDFC616-1704-4056-A87E-2783692CC153}.Debug|x86.ActiveCfg = Debug|Any CPU
		{8FDFC616-1704-4056-A87E-2783692CC153}.Debug|x86.Build.0 = Debug|Any CPU
		{8FDFC616-1704-4056-A87E-2783692CC153}.Release|Any CPU.ActiveCfg = Release|Any CPU
		{8FDFC616-1704-4056-A87E-2783692CC153}.Release|Any CPU.Build.0 = Release|Any CPU
		{8FDFC616-1704-4056-A87E-2783692CC153}.Release|x64.ActiveCfg = Release|x64
		{8FDFC616-1704-4056-A87E-2783692CC153}.Release|x64.Build.0 = Release|x64
		{8FDFC616-1704-4056-A87E-2783692CC153}.Release|x86.ActiveCfg = Release|Any CPU
		{8FDFC616-1704-4056-A87E-2783692CC153}.Release|x86.Build.0 = Release|Any CPU
	EndGlobalSection
	GlobalSection(SolutionProperties) = preSolution
		HideSolutionNode = FALSE
	EndGlobalSection
	GlobalSection(ExtensibilityGlobals) = postSolution
		SolutionGuid = {A4F1FD21-4A5D-44F9-8D65-886E5C2F2643}
	EndGlobalSection
EndGlobal
