
Microsoft Visual Studio Solution File, Format Version 12.00
# Visual Studio Version 17
VisualStudioVersion = 17.6.33723.286
MinimumVisualStudioVersion = 10.0.40219.1
Project("{9A19103F-16F7-4668-BE54-9A1E7A4F7556}") = "ShowMeTheStats", "ShowMeTheStats.csproj", "{06EE05FF-852D-47D1-882B-E8D3044A382E}"
EndProject
Project("{2150E333-8FDC-42A3-9474-1A3956D46DE8}") = "Solution Items", "Solution Items", "{4CC091D9-5745-4098-AC8B-1CB99EE9A1DA}"
	ProjectSection(SolutionItems) = preProject
		Complete Gameplay Overhaul.sln = Complete Gameplay Overhaul.sln
	EndProjectSection
EndProject
Global
	GlobalSection(SolutionConfigurationPlatforms) = preSolution
		Debug|Any CPU = Debug|Any CPU
		Release|Any CPU = Release|Any CPU
	EndGlobalSection
	GlobalSection(ProjectConfigurationPlatforms) = postSolution
		{06EE05FF-852D-47D1-882B-E8D3044A382E}.Debug|Any CPU.ActiveCfg = Debug|Any CPU
		{06EE05FF-852D-47D1-882B-E8D3044A382E}.Debug|Any CPU.Build.0 = Debug|Any CPU
		{06EE05FF-852D-47D1-882B-E8D3044A382E}.Release|Any CPU.ActiveCfg = Release|Any CPU
		{06EE05FF-852D-47D1-882B-E8D3044A382E}.Release|Any CPU.Build.0 = Release|Any CPU
	EndGlobalSection
	GlobalSection(SolutionProperties) = preSolution
		HideSolutionNode = FALSE
	EndGlobalSection
	GlobalSection(ExtensibilityGlobals) = postSolution
		SolutionGuid = {DF3EE3DB-0374-47BD-BC99-2ED85C439AC8}
	EndGlobalSection
EndGlobal
