
Microsoft Visual Studio Solution File, Format Version 12.00
# Visual Studio Version 17
VisualStudioVersion = 17.3.32929.385
MinimumVisualStudioVersion = 10.0.40219.1
Project("{9A19103F-16F7-4668-BE54-9A1E7A4F7556}") = "BorkelRNVG", "BorkelRNVG.csproj", "{5E8F7250-8E63-4B3F-8A16-D13E053A9055}"
EndProject
Global
	GlobalSection(SolutionConfigurationPlatforms) = preSolution
		Debug|Any CPU = Debug|Any CPU
		Release|Any CPU = Release|Any CPU
	EndGlobalSection
	GlobalSection(ProjectConfigurationPlatforms) = postSolution
		{5E8F7250-8E63-4B3F-8A16-D13E053A9055}.Debug|Any CPU.ActiveCfg = Debug|Any CPU
		{5E8F7250-8E63-4B3F-8A16-D13E053A9055}.Debug|Any CPU.Build.0 = Debug|Any CPU
		{5E8F7250-8E63-4B3F-8A16-D13E053A9055}.Release|Any CPU.ActiveCfg = Release|Any CPU
		{5E8F7250-8E63-4B3F-8A16-D13E053A9055}.Release|Any CPU.Build.0 = Release|Any CPU
	EndGlobalSection
	GlobalSection(SolutionProperties) = preSolution
		HideSolutionNode = FALSE
	EndGlobalSection
	GlobalSection(ExtensibilityGlobals) = postSolution
		SolutionGuid = {3A1E299F-534A-44FF-BBF7-33D6FB8BB914}
	EndGlobalSection
EndGlobal
