
Microsoft Visual Studio Solution File, Format Version 12.00
# Visual Studio Version 17
VisualStudioVersion = 17.0.32014.148
MinimumVisualStudioVersion = 10.0.40219.1
Project("{FAE04EC0-301F-11D3-BF4B-00C04F79EFBC}") = "DrakiaXYZ-TaskListFixes", "DrakiaXYZ-TaskListFixes.csproj", "{175AEA6B-D07E-4632-8620-CEFBD28EF498}"
EndProject
Global
	GlobalSection(SolutionConfigurationPlatforms) = preSolution
		Debug|Any CPU = Debug|Any CPU
		Release|Any CPU = Release|Any CPU
	EndGlobalSection
	GlobalSection(ProjectConfigurationPlatforms) = postSolution
		{175AEA6B-D07E-4632-8620-CEFBD28EF498}.Debug|Any CPU.ActiveCfg = Debug|Any CPU
		{175AEA6B-D07E-4632-8620-CEFBD28EF498}.Debug|Any CPU.Build.0 = Debug|Any CPU
		{175AEA6B-D07E-4632-8620-CEFBD28EF498}.Release|Any CPU.ActiveCfg = Release|Any CPU
		{175AEA6B-D07E-4632-8620-CEFBD28EF498}.Release|Any CPU.Build.0 = Release|Any CPU
	EndGlobalSection
	GlobalSection(SolutionProperties) = preSolution
		HideSolutionNode = FALSE
	EndGlobalSection
	GlobalSection(ExtensibilityGlobals) = postSolution
		SolutionGuid = {0167429D-9BC0-4C60-8F64-6CED4CFBC8F0}
	EndGlobalSection
EndGlobal
