
Microsoft Visual Studio Solution File, Format Version 12.00
# Visual Studio Version 17
VisualStudioVersion = 17.0.32014.148
MinimumVisualStudioVersion = 10.0.40219.1
Project("{FAE04EC0-301F-11D3-BF4B-00C04F79EFBC}") = "DrakiaXYZ-BigBrain", "DrakiaXYZ-BigBrain.csproj", "{C3C9EBDF-AF8A-4E59-B18F-E76FAE66001C}"
EndProject
Global
	GlobalSection(SolutionConfigurationPlatforms) = preSolution
		Debug|Any CPU = Debug|Any CPU
		Release|Any CPU = Release|Any CPU
	EndGlobalSection
	GlobalSection(ProjectConfigurationPlatforms) = postSolution
		{C3C9EBDF-AF8A-4E59-B18F-E76FAE66001C}.Debug|Any CPU.ActiveCfg = Debug|Any CPU
		{C3C9EBDF-AF8A-4E59-B18F-E76FAE66001C}.Debug|Any CPU.Build.0 = Debug|Any CPU
		{C3C9EBDF-AF8A-4E59-B18F-E76FAE66001C}.Release|Any CPU.ActiveCfg = Release|Any CPU
		{C3C9EBDF-AF8A-4E59-B18F-E76FAE66001C}.Release|Any CPU.Build.0 = Release|Any CPU
	EndGlobalSection
	GlobalSection(SolutionProperties) = preSolution
		HideSolutionNode = FALSE
	EndGlobalSection
	GlobalSection(ExtensibilityGlobals) = postSolution
		SolutionGuid = {1EF7F487-BCF4-43D7-A1E0-4EF9B6E91BF0}
	EndGlobalSection
EndGlobal
