
Microsoft Visual Studio Solution File, Format Version 12.00
# Visual Studio Version 17
VisualStudioVersion = 17.2.32630.192
MinimumVisualStudioVersion = 10.0.40219.1
Project("{FAE04EC0-301F-11D3-BF4B-00C04F79EFBC}") = "FUInertia", "FUInertia.csproj", "{8FDFC616-1704-4056-A87E-2783692CC153}"
EndProject
Global
	GlobalSection(SolutionConfigurationPlatforms) = preSolution
		Debug|Any CPU = Debug|Any CPU
		Debug|x64 = Debug|x64
		Release|Any CPU = Release|Any CPU
		Release|x64 = Release|x64
	EndGlobalSection
	GlobalSection(ProjectConfigurationPlatforms) = postSolution
		{8FDFC616-1704-4056-A87E-2783692CC153}.Debug|Any CPU.ActiveCfg = Debug|Any CPU
		{8FDFC616-1704-4056-A87E-2783692CC153}.Debug|Any CPU.Build.0 = Debug|Any CPU
		{8FDFC616-1704-4056-A87E-2783692CC153}.Debug|x64.ActiveCfg = Debug|x64
		{8FDFC616-1704-4056-A87E-2783692CC153}.Debug|x64.Build.0 = Debug|x64
		{8FDFC616-1704-4056-A87E-2783692CC153}.Release|Any CPU.ActiveCfg = Release|Any CPU
		{8FDFC616-1704-4056-A87E-2783692CC153}.Release|Any CPU.Build.0 = Release|Any CPU
		{8FDFC616-1704-4056-A87E-2783692CC153}.Release|x64.ActiveCfg = Release|x64
		{8FDFC616-1704-4056-A87E-2783692CC153}.Release|x64.Build.0 = Release|x64
	EndGlobalSection
	GlobalSection(SolutionProperties) = preSolution
		HideSolutionNode = FALSE
	EndGlobalSection
	GlobalSection(ExtensibilityGlobals) = postSolution
		SolutionGuid = {37D92541-AB40-4482-8A3E-62C29777D542}
	EndGlobalSection
EndGlobal
