
Microsoft Visual Studio Solution File, Format Version 12.00
# Visual Studio Version 17
VisualStudioVersion = 17.6.33801.468
MinimumVisualStudioVersion = 10.0.40219.1
Project("{9A19103F-16F7-4668-BE54-9A1E7A4F7556}") = "UseLooseLoot", "UseLooseLoot.csproj", "{F33C53A0-94EA-4A7D-9889-A1B4DCD40AA3}"
EndProject
Global
	GlobalSection(SolutionConfigurationPlatforms) = preSolution
		Debug|Any CPU = Debug|Any CPU
		Release|Any CPU = Release|Any CPU
	EndGlobalSection
	GlobalSection(ProjectConfigurationPlatforms) = postSolution
		{F33C53A0-94EA-4A7D-9889-A1B4DCD40AA3}.Debug|Any CPU.ActiveCfg = Debug|Any CPU
		{F33C53A0-94EA-4A7D-9889-A1B4DCD40AA3}.Debug|Any CPU.Build.0 = Debug|Any CPU
		{F33C53A0-94EA-4A7D-9889-A1B4DCD40AA3}.Release|Any CPU.ActiveCfg = Release|Any CPU
		{F33C53A0-94EA-4A7D-9889-A1B4DCD40AA3}.Release|Any CPU.Build.0 = Release|Any CPU
	EndGlobalSection
	GlobalSection(SolutionProperties) = preSolution
		HideSolutionNode = FALSE
	EndGlobalSection
	GlobalSection(ExtensibilityGlobals) = postSolution
		SolutionGuid = {9701E6D9-53FA-476A-AA79-BAD93A0DD560}
	EndGlobalSection
EndGlobal
