
Microsoft Visual Studio Solution File, Format Version 12.00
# Visual Studio Version 17
VisualStudioVersion = 17.0.32014.148
MinimumVisualStudioVersion = 10.0.40219.1
Project("{FAE04EC0-301F-11D3-BF4B-00C04F79EFBC}") = "DrakiaXYZ-Waypoints", "DrakiaXYZ-Waypoints.csproj", "{DB6C9ACA-DEC4-4D61-AF7B-5F5DAB6CCE70}"
EndProject
Global
	GlobalSection(SolutionConfigurationPlatforms) = preSolution
		Debug|Any CPU = Debug|Any CPU
		Release|Any CPU = Release|Any CPU
	EndGlobalSection
	GlobalSection(ProjectConfigurationPlatforms) = postSolution
		{DB6C9ACA-DEC4-4D61-AF7B-5F5DAB6CCE70}.Debug|Any CPU.ActiveCfg = Debug|Any CPU
		{DB6C9ACA-DEC4-4D61-AF7B-5F5DAB6CCE70}.Debug|Any CPU.Build.0 = Debug|Any CPU
		{DB6C9ACA-DEC4-4D61-AF7B-5F5DAB6CCE70}.Release|Any CPU.ActiveCfg = Release|Any CPU
		{DB6C9ACA-DEC4-4D61-AF7B-5F5DAB6CCE70}.Release|Any CPU.Build.0 = Release|Any CPU
	EndGlobalSection
	GlobalSection(SolutionProperties) = preSolution
		HideSolutionNode = FALSE
	EndGlobalSection
	GlobalSection(ExtensibilityGlobals) = postSolution
		SolutionGuid = {0AEE8EBC-8E3C-4F2E-81FE-827C250AF5BF}
	EndGlobalSection
EndGlobal
