
Microsoft Visual Studio Solution File, Format Version 12.00
# Visual Studio Version 17
VisualStudioVersion = 17.6.33801.468
MinimumVisualStudioVersion = 10.0.40219.1
Project("{FAE04EC0-301F-11D3-BF4B-00C04F79EFBC}") = "DrakiaXYZ-SearchOpenContainers", "DrakiaXYZ-SearchOpenContainers.csproj", "{B05BB486-2B0A-44CB-91F7-E4A07E275D5A}"
EndProject
Global
	GlobalSection(SolutionConfigurationPlatforms) = preSolution
		Debug|Any CPU = Debug|Any CPU
		Release|Any CPU = Release|Any CPU
	EndGlobalSection
	GlobalSection(ProjectConfigurationPlatforms) = postSolution
		{B05BB486-2B0A-44CB-91F7-E4A07E275D5A}.Debug|Any CPU.ActiveCfg = Debug|Any CPU
		{B05BB486-2B0A-44CB-91F7-E4A07E275D5A}.Debug|Any CPU.Build.0 = Debug|Any CPU
		{B05BB486-2B0A-44CB-91F7-E4A07E275D5A}.Release|Any CPU.ActiveCfg = Release|Any CPU
		{B05BB486-2B0A-44CB-91F7-E4A07E275D5A}.Release|Any CPU.Build.0 = Release|Any CPU
	EndGlobalSection
	GlobalSection(SolutionProperties) = preSolution
		HideSolutionNode = FALSE
	EndGlobalSection
	GlobalSection(ExtensibilityGlobals) = postSolution
		SolutionGuid = {42C25AD8-5F2C-4297-8E0F-312CCAC06924}
	EndGlobalSection
EndGlobal
