
Microsoft Visual Studio Solution File, Format Version 12.00
# Visual Studio Version 17
VisualStudioVersion = 17.5.33530.505
MinimumVisualStudioVersion = 10.0.40219.1
Project("{FAE04EC0-301F-11D3-BF4B-00C04F79EFBC}") = "AmandsController", "AmandsController\AmandsController.csproj", "{9F9F783B-97BB-424D-A840-D57F2B9C7BAB}"
EndProject
Global
	GlobalSection(SolutionConfigurationPlatforms) = preSolution
		Debug|Any CPU = Debug|Any CPU
		Release|Any CPU = Release|Any CPU
	EndGlobalSection
	GlobalSection(ProjectConfigurationPlatforms) = postSolution
		{9F9F783B-97BB-424D-A840-D57F2B9C7BAB}.Debug|Any CPU.ActiveCfg = Debug|Any CPU
		{9F9F783B-97BB-424D-A840-D57F2B9C7BAB}.Debug|Any CPU.Build.0 = Debug|Any CPU
		{9F9F783B-97BB-424D-A840-D57F2B9C7BAB}.Release|Any CPU.ActiveCfg = Release|Any CPU
		{9F9F783B-97BB-424D-A840-D57F2B9C7BAB}.Release|Any CPU.Build.0 = Release|Any CPU
	EndGlobalSection
	GlobalSection(SolutionProperties) = preSolution
		HideSolutionNode = FALSE
	EndGlobalSection
	GlobalSection(ExtensibilityGlobals) = postSolution
		SolutionGuid = {806C2827-356E-4E27-A518-C50BF509EE5C}
	EndGlobalSection
EndGlobal
