
Microsoft Visual Studio Solution File, Format Version 12.00
# Visual Studio Version 17
VisualStudioVersion = 17.2.32630.192
MinimumVisualStudioVersion = 10.0.40219.1
Project("{9A19103F-16F7-4668-BE54-9A1E7A4F7556}") = "RaiRai.HiddenCaches", "RaiRai.HiddenCaches.csproj", "{410D058B-2D53-4611-BDDA-B01848F3CF52}"
EndProject
Global
	GlobalSection(SolutionConfigurationPlatforms) = preSolution
		Debug|Any CPU = Debug|Any CPU
		Release|Any CPU = Release|Any CPU
	EndGlobalSection
	GlobalSection(ProjectConfigurationPlatforms) = postSolution
		{410D058B-2D53-4611-BDDA-B01848F3CF52}.Debug|Any CPU.ActiveCfg = Debug|Any CPU
		{410D058B-2D53-4611-BDDA-B01848F3CF52}.Debug|Any CPU.Build.0 = Debug|Any CPU
		{410D058B-2D53-4611-BDDA-B01848F3CF52}.Release|Any CPU.ActiveCfg = Release|Any CPU
		{410D058B-2D53-4611-BDDA-B01848F3CF52}.Release|Any CPU.Build.0 = Release|Any CPU
	EndGlobalSection
	GlobalSection(SolutionProperties) = preSolution
		HideSolutionNode = FALSE
	EndGlobalSection
	GlobalSection(ExtensibilityGlobals) = postSolution
		SolutionGuid = {9C3B491A-04F5-4B49-8E47-CB1B823B108E}
	EndGlobalSection
EndGlobal
