
Microsoft Visual Studio Solution File, Format Version 12.00
# Visual Studio Version 16
VisualStudioVersion = 16.0.32002.261
MinimumVisualStudioVersion = 10.0.40219.1
Project("{FAE04EC0-301F-11D3-BF4B-00C04F79EFBC}") = "SamSWAT.FOV", "SamSWAT.FOV.csproj", "{A34F97AD-2FDB-43DA-805B-410B1A2AC464}"
EndProject
Global
	GlobalSection(SolutionConfigurationPlatforms) = preSolution
		Debug|Any CPU = Debug|Any CPU
		Release|Any CPU = Release|Any CPU
	EndGlobalSection
	GlobalSection(ProjectConfigurationPlatforms) = postSolution
		{A34F97AD-2FDB-43DA-805B-410B1A2AC464}.Debug|Any CPU.ActiveCfg = Debug|Any CPU
		{A34F97AD-2FDB-43DA-805B-410B1A2AC464}.Debug|Any CPU.Build.0 = Debug|Any CPU
		{A34F97AD-2FDB-43DA-805B-410B1A2AC464}.Release|Any CPU.ActiveCfg = Release|Any CPU
		{A34F97AD-2FDB-43DA-805B-410B1A2AC464}.Release|Any CPU.Build.0 = Release|Any CPU
	EndGlobalSection
	GlobalSection(SolutionProperties) = preSolution
		HideSolutionNode = FALSE
	EndGlobalSection
	GlobalSection(ExtensibilityGlobals) = postSolution
		SolutionGuid = {E5C57CB0-6CAD-4805-99D0-7D5C0CA057D3}
	EndGlobalSection
EndGlobal
